# This file is automatically @generated by Cargo.
# It is not intended for manual editing.
version = 4

[[package]]
name = "nano-rustc-main"
version = "0.1.0"
dependencies = [
 "nano_rustc_driver",
]

[[package]]
name = "nano_rustc_driver"
version = "0.0.0"
dependencies = [
 "nano_rustc_driver_impl",
]

[[package]]
name = "nano_rustc_driver_impl"
version = "0.1.0"
